
Microsoft Visual Studio Solution File, Format Version 12.00
# Visual Studio Version 17
VisualStudioVersion = 17.1.32407.343
MinimumVisualStudioVersion = 10.0.40219.1
Project("{9A19103F-16F7-4668-BE54-9A1E7A4F7556}") = "BuecherMVC", "BuecherMVC\BuecherMVC.csproj", "{5D13FC33-031D-4C3F-B912-E0536D5BA922}"
EndProject
Project("{9A19103F-16F7-4668-BE54-9A1E7A4F7556}") = "Buecher", "Buecher\Buecher.csproj", "{16872F19-5596-45F7-BC89-5D6FD7B872A2}"
EndProject
Project("{FAE04EC0-301F-11D3-BF4B-00C04F79EFBC}") = "BuchDatenbank", "BuchDatenbank\BuchDatenbank.csproj", "{9615C5D3-380E-4DE6-92A6-ED0080F26A75}"
EndProject
Global
	GlobalSection(SolutionConfigurationPlatforms) = preSolution
		Debug|Any CPU = Debug|Any CPU
		Release|Any CPU = Release|Any CPU
	EndGlobalSection
	GlobalSection(ProjectConfigurationPlatforms) = postSolution
		{5D13FC33-031D-4C3F-B912-E0536D5BA922}.Debug|Any CPU.ActiveCfg = Debug|Any CPU
		{5D13FC33-031D-4C3F-B912-E0536D5BA922}.Debug|Any CPU.Build.0 = Debug|Any CPU
		{5D13FC33-031D-4C3F-B912-E0536D5BA922}.Release|Any CPU.ActiveCfg = Release|Any CPU
		{5D13FC33-031D-4C3F-B912-E0536D5BA922}.Release|Any CPU.Build.0 = Release|Any CPU
		{16872F19-5596-45F7-BC89-5D6FD7B872A2}.Debug|Any CPU.ActiveCfg = Debug|Any CPU
		{16872F19-5596-45F7-BC89-5D6FD7B872A2}.Debug|Any CPU.Build.0 = Debug|Any CPU
		{16872F19-5596-45F7-BC89-5D6FD7B872A2}.Release|Any CPU.ActiveCfg = Release|Any CPU
		{16872F19-5596-45F7-BC89-5D6FD7B872A2}.Release|Any CPU.Build.0 = Release|Any CPU
		{9615C5D3-380E-4DE6-92A6-ED0080F26A75}.Debug|Any CPU.ActiveCfg = Debug|Any CPU
		{9615C5D3-380E-4DE6-92A6-ED0080F26A75}.Debug|Any CPU.Build.0 = Debug|Any CPU
		{9615C5D3-380E-4DE6-92A6-ED0080F26A75}.Release|Any CPU.ActiveCfg = Release|Any CPU
		{9615C5D3-380E-4DE6-92A6-ED0080F26A75}.Release|Any CPU.Build.0 = Release|Any CPU
	EndGlobalSection
	GlobalSection(SolutionProperties) = preSolution
		HideSolutionNode = FALSE
	EndGlobalSection
	GlobalSection(ExtensibilityGlobals) = postSolution
		SolutionGuid = {A8138B3E-48D9-4EB3-80AB-E922AF085F77}
	EndGlobalSection
EndGlobal
